# This file is automatically @generated by rv.
# It is not intended for manual editing.
version = 2
r_version = "4.5"

[[packages]]
name = "Formula"
version = "1.2-5"
source = { repository = "https://cloud.r-project.org/" }
force_source = false
dependencies = []

[[packages]]
name = "Matrix"
version = "1.7-4"
source = { builtin = true }
force_source = false
dependencies = [
    "lattice",
]

[[packages]]
name = "Metrics"
version = "0.1.4"
source = { repository = "https://cloud.r-project.org/" }
force_source = false
dependencies = []

[[packages]]
name = "PRROC"
version = "1.4"
source = { repository = "https://cloud.r-project.org/" }
force_source = false
dependencies = [
    "rlang",
]

[[packages]]
name = "R6"
version = "2.6.1"
source = { repository = "https://cloud.r-project.org/" }
force_source = false
dependencies = []

[[packages]]
name = "RColorBrewer"
version = "1.1-3"
source = { repository = "https://cloud.r-project.org/" }
force_source = false
dependencies = []

[[packages]]
name = "Rcpp"
version = "1.1.0"
source = { repository = "https://cloud.r-project.org/" }
force_source = false
dependencies = []

[[packages]]
name = "RcppEigen"
version = "0.3.4.0.2"
source = { repository = "https://cloud.r-project.org/" }
force_source = false
dependencies = [
    { name = "Rcpp", requirement = "(>= 0.11.0)" },
]

[[packages]]
name = "RcppTOML"
version = "0.2.3"
source = { repository = "https://cloud.r-project.org/" }
force_source = false
dependencies = [
    { name = "Rcpp", requirement = "(>= 1.0.8)" },
]

[[packages]]
name = "S7"
version = "0.2.0"
source = { repository = "https://cloud.r-project.org/" }
force_source = false
dependencies = []

[[packages]]
name = "arf"
version = "0.2.4"
source = { git = "https://github.com/bips-hb/arf", sha = "5957fdf0367def59066eb97039e44e43c7634b0c" }
force_source = true
dependencies = [
    "data.table",
    "ranger",
    "foreach",
    "stringr",
    "truncnorm",
]

[[packages]]
name = "backports"
version = "1.5.0"
source = { repository = "https://cloud.r-project.org/" }
force_source = false
dependencies = []

[[packages]]
name = "base64enc"
version = "0.1-3"
source = { repository = "https://cloud.r-project.org/" }
force_source = false
dependencies = []

[[packages]]
name = "base64url"
version = "1.4"
source = { repository = "https://cloud.r-project.org/" }
force_source = false
dependencies = [
    { name = "backports", requirement = "(>= 1.1.0)" },
]

[[packages]]
name = "batchtools"
version = "0.9.18"
source = { repository = "https://cloud.r-project.org/" }
force_source = false
dependencies = [
    { name = "backports", requirement = "(>= 1.1.2)" },
    { name = "base64url", requirement = "(>= 1.1)" },
    "brew",
    { name = "checkmate", requirement = "(>= 1.8.5)" },
    { name = "data.table", requirement = "(>= 1.11.2)" },
    { name = "digest", requirement = "(>= 0.6.9)" },
    { name = "fs", requirement = "(>= 1.2.0)" },
    { name = "progress", requirement = "(>= 1.1.1)" },
    "R6",
    "rappdirs",
    "stringi",
    { name = "withr", requirement = "(>= 2.0.0)" },
]

[[packages]]
name = "bbotk"
version = "1.8.0"
source = { repository = "https://cloud.r-project.org/" }
force_source = false
dependencies = [
    { name = "paradox", requirement = "(>= 1.0.0)" },
    { name = "checkmate", requirement = "(>= 2.0.0)" },
    "cli",
    "data.table",
    "lgr",
    { name = "mlr3misc", requirement = "(>= 0.15.1)" },
    "R6",
]

[[packages]]
name = "bit"
version = "4.6.0"
source = { repository = "https://cloud.r-project.org/" }
force_source = false
dependencies = []

[[packages]]
name = "bit64"
version = "4.6.0-1"
source = { repository = "https://cloud.r-project.org/" }
force_source = false
dependencies = [
    { name = "bit", requirement = "(>= 4.0.0)" },
]

[[packages]]
name = "brew"
version = "1.0-10"
source = { repository = "https://cloud.r-project.org/" }
force_source = false
dependencies = []

[[packages]]
name = "bslib"
version = "0.9.0"
source = { repository = "https://cloud.r-project.org/" }
force_source = false
dependencies = [
    "base64enc",
    "cachem",
    { name = "fastmap", requirement = "(>= 1.1.1)" },
    { name = "htmltools", requirement = "(>= 0.5.8)" },
    { name = "jquerylib", requirement = "(>= 0.1.3)" },
    "jsonlite",
    "lifecycle",
    { name = "memoise", requirement = "(>= 2.0.1)" },
    "mime",
    "rlang",
    { name = "sass", requirement = "(>= 0.4.9)" },
]

[[packages]]
name = "cachem"
version = "1.1.0"
source = { repository = "https://cloud.r-project.org/" }
force_source = false
dependencies = [
    "rlang",
    { name = "fastmap", requirement = "(>= 1.2.0)" },
]

[[packages]]
name = "callr"
version = "3.7.6"
source = { repository = "https://cloud.r-project.org/" }
force_source = false
dependencies = [
    { name = "processx", requirement = "(>= 3.6.1)" },
    "R6",
]

[[packages]]
name = "checkmate"
version = "2.3.3"
source = { repository = "https://cloud.r-project.org/" }
force_source = false
dependencies = [
    { name = "backports", requirement = "(>= 1.1.0)" },
]

[[packages]]
name = "cli"
version = "3.6.5"
source = { repository = "https://cloud.r-project.org/" }
force_source = false
dependencies = []

[[packages]]
name = "codetools"
version = "0.2-20"
source = { builtin = true }
force_source = false
dependencies = []

[[packages]]
name = "commonmark"
version = "2.0.0"
source = { repository = "https://cloud.r-project.org/" }
force_source = false
dependencies = []

[[packages]]
name = "coro"
version = "1.1.0"
source = { repository = "https://cloud.r-project.org/" }
force_source = false
dependencies = [
    { name = "rlang", requirement = "(>= 0.4.12)" },
]

[[packages]]
name = "cpp11"
version = "0.5.2"
source = { repository = "https://cloud.r-project.org/" }
force_source = false
dependencies = []

[[packages]]
name = "crayon"
version = "1.5.3"
source = { repository = "https://cloud.r-project.org/" }
force_source = false
dependencies = []

[[packages]]
name = "data.table"
version = "1.17.8"
source = { repository = "https://cloud.r-project.org/" }
force_source = false
dependencies = []

[[packages]]
name = "desc"
version = "1.4.3"
source = { repository = "https://cloud.r-project.org/" }
force_source = false
dependencies = [
    "cli",
    "R6",
]

[[packages]]
name = "digest"
version = "0.6.38"
source = { repository = "https://cloud.r-project.org/" }
force_source = false
dependencies = []

[[packages]]
name = "dplyr"
version = "1.1.4"
source = { repository = "https://cloud.r-project.org/" }
force_source = false
dependencies = [
    { name = "cli", requirement = "(>= 3.4.0)" },
    "generics",
    { name = "glue", requirement = "(>= 1.3.2)" },
    { name = "lifecycle", requirement = "(>= 1.0.3)" },
    { name = "magrittr", requirement = "(>= 1.5)" },
    { name = "pillar", requirement = "(>= 1.9.0)" },
    "R6",
    { name = "rlang", requirement = "(>= 1.1.0)" },
    { name = "tibble", requirement = "(>= 3.2.0)" },
    { name = "tidyselect", requirement = "(>= 1.2.0)" },
    { name = "vctrs", requirement = "(>= 0.6.4)" },
]

[[packages]]
name = "evaluate"
version = "1.0.5"
source = { repository = "https://cloud.r-project.org/" }
force_source = false
dependencies = []

[[packages]]
name = "farver"
version = "2.1.2"
source = { repository = "https://cloud.r-project.org/" }
force_source = false
dependencies = []

[[packages]]
name = "fastmap"
version = "1.2.0"
source = { repository = "https://cloud.r-project.org/" }
force_source = false
dependencies = []

[[packages]]
name = "fontawesome"
version = "0.5.3"
source = { repository = "https://cloud.r-project.org/" }
force_source = false
dependencies = [
    { name = "rlang", requirement = "(>= 1.0.6)" },
    { name = "htmltools", requirement = "(>= 0.5.1.1)" },
]

[[packages]]
name = "forcats"
version = "1.0.1"
source = { repository = "https://cloud.r-project.org/" }
force_source = false
dependencies = [
    { name = "cli", requirement = "(>= 3.4.0)" },
    "glue",
    "lifecycle",
    "magrittr",
    { name = "rlang", requirement = "(>= 1.0.0)" },
    "tibble",
]

[[packages]]
name = "foreach"
version = "1.5.2"
source = { repository = "https://cloud.r-project.org/" }
force_source = false
dependencies = [
    "codetools",
    "iterators",
]

[[packages]]
name = "fs"
version = "1.6.6"
source = { repository = "https://cloud.r-project.org/" }
force_source = false
dependencies = []

[[packages]]
name = "future"
version = "1.67.0"
source = { repository = "https://cloud.r-project.org/" }
force_source = false
dependencies = [
    "digest",
    { name = "globals", requirement = "(>= 0.18.0)" },
    { name = "listenv", requirement = "(>= 0.8.0)" },
    { name = "parallelly", requirement = "(>= 1.44.0)" },
]

[[packages]]
name = "future.apply"
version = "1.20.0"
source = { repository = "https://cloud.r-project.org/" }
force_source = false
dependencies = [
    { name = "future", requirement = "(>= 1.49.0)" },
    "globals",
]

[[packages]]
name = "generics"
version = "0.1.4"
source = { repository = "https://cloud.r-project.org/" }
force_source = false
dependencies = []

[[packages]]
name = "ggplot2"
version = "4.0.0"
source = { repository = "https://cloud.r-project.org/" }
force_source = false
dependencies = [
    "cli",
    { name = "gtable", requirement = "(>= 0.3.6)" },
    "isoband",
    { name = "lifecycle", requirement = "(> 1.0.1)" },
    { name = "rlang", requirement = "(>= 1.1.0)" },
    "S7",
    { name = "scales", requirement = "(>= 1.4.0)" },
    { name = "vctrs", requirement = "(>= 0.6.0)" },
    { name = "withr", requirement = "(>= 2.5.0)" },
]

[[packages]]
name = "globals"
version = "0.18.0"
source = { repository = "https://cloud.r-project.org/" }
force_source = false
dependencies = [
    "codetools",
]

[[packages]]
name = "glue"
version = "1.8.0"
source = { repository = "https://cloud.r-project.org/" }
force_source = false
dependencies = []

[[packages]]
name = "gower"
version = "1.0.2"
source = { repository = "https://cloud.r-project.org/" }
force_source = false
dependencies = []

[[packages]]
name = "gtable"
version = "0.3.6"
source = { repository = "https://cloud.r-project.org/" }
force_source = false
dependencies = [
    "cli",
    "glue",
    "lifecycle",
    { name = "rlang", requirement = "(>= 1.1.0)" },
]

[[packages]]
name = "hardhat"
version = "1.4.2"
source = { repository = "https://cloud.r-project.org/" }
force_source = false
dependencies = [
    { name = "cli", requirement = "(>= 3.6.0)" },
    { name = "glue", requirement = "(>= 1.6.2)" },
    { name = "rlang", requirement = "(>= 1.1.0)" },
    { name = "sparsevctrs", requirement = "(>= 0.2.0)" },
    { name = "tibble", requirement = "(>= 3.2.1)" },
    { name = "vctrs", requirement = "(>= 0.6.0)" },
]

[[packages]]
name = "here"
version = "1.0.2"
source = { repository = "https://cloud.r-project.org/" }
force_source = false
dependencies = [
    { name = "rprojroot", requirement = "(>= 2.1.0)" },
]

[[packages]]
name = "highr"
version = "0.11"
source = { repository = "https://cloud.r-project.org/" }
force_source = false
dependencies = [
    { name = "xfun", requirement = "(>= 0.18)" },
]

[[packages]]
name = "hms"
version = "1.1.4"
source = { repository = "https://cloud.r-project.org/" }
force_source = false
dependencies = [
    "cli",
    "lifecycle",
    "pkgconfig",
    { name = "rlang", requirement = "(>= 1.0.2)" },
    { name = "vctrs", requirement = "(>= 0.3.8)" },
]

[[packages]]
name = "htmltools"
version = "0.5.8.1"
source = { repository = "https://cloud.r-project.org/" }
force_source = false
dependencies = [
    "base64enc",
    "digest",
    { name = "fastmap", requirement = "(>= 1.1.0)" },
    { name = "rlang", requirement = "(>= 1.0.0)" },
]

[[packages]]
name = "htmlwidgets"
version = "1.6.4"
source = { repository = "https://cloud.r-project.org/" }
force_source = false
dependencies = [
    { name = "htmltools", requirement = "(>= 0.5.7)" },
    { name = "jsonlite", requirement = "(>= 0.9.16)" },
    { name = "knitr", requirement = "(>= 1.8)" },
    "rmarkdown",
    "yaml",
]

[[packages]]
name = "httpuv"
version = "1.6.16"
source = { repository = "https://cloud.r-project.org/" }
force_source = false
dependencies = [
    { name = "later", requirement = "(>= 0.8.0)" },
    "promises",
    "R6",
    { name = "Rcpp", requirement = "(>= 1.0.7)" },
]

[[packages]]
name = "iml"
version = "0.11.4"
source = { repository = "https://cloud.r-project.org/" }
force_source = false
dependencies = [
    "checkmate",
    "data.table",
    "Formula",
    "future",
    "future.apply",
    "ggplot2",
    "Metrics",
    "R6",
]

[[packages]]
name = "inum"
version = "1.0-5"
source = { repository = "https://cloud.r-project.org/" }
force_source = false
dependencies = [
    { name = "libcoin", requirement = "(>= 1.0-0)" },
]

[[packages]]
name = "isoband"
version = "0.2.7"
source = { repository = "https://cloud.r-project.org/" }
force_source = false
dependencies = []

[[packages]]
name = "iterators"
version = "1.0.14"
source = { repository = "https://cloud.r-project.org/" }
force_source = false
dependencies = []

[[packages]]
name = "jquerylib"
version = "0.1.4"
source = { repository = "https://cloud.r-project.org/" }
force_source = false
dependencies = [
    "htmltools",
]

[[packages]]
name = "jsonlite"
version = "2.0.0"
source = { repository = "https://cloud.r-project.org/" }
force_source = false
dependencies = []

[[packages]]
name = "kableExtra"
version = "1.4.0"
source = { repository = "https://cloud.r-project.org/" }
force_source = false
dependencies = [
    { name = "knitr", requirement = "(>= 1.33)" },
    "magrittr",
    { name = "stringr", requirement = "(>= 1.0)" },
    { name = "xml2", requirement = "(>= 1.1.1)" },
    { name = "rmarkdown", requirement = "(>= 1.6.0)" },
    "scales",
    "viridisLite",
    "htmltools",
    "rstudioapi",
    "digest",
    "svglite",
]

[[packages]]
name = "knitr"
version = "1.50"
source = { repository = "https://cloud.r-project.org/" }
force_source = false
dependencies = [
    { name = "evaluate", requirement = "(>= 0.15)" },
    { name = "highr", requirement = "(>= 0.11)" },
    { name = "xfun", requirement = "(>= 0.51)" },
    { name = "yaml", requirement = "(>= 2.1.19)" },
]

[[packages]]
name = "labeling"
version = "0.4.3"
source = { repository = "https://cloud.r-project.org/" }
force_source = false
dependencies = []

[[packages]]
name = "later"
version = "1.4.5"
source = { repository = "https://cloud.r-project.org/" }
force_source = false
dependencies = [
    { name = "Rcpp", requirement = "(>= 1.0.10)" },
    "rlang",
]

[[packages]]
name = "lattice"
version = "0.22-7"
source = { builtin = true }
force_source = false
dependencies = []

[[packages]]
name = "lgr"
version = "0.5.0"
source = { repository = "https://cloud.r-project.org/" }
force_source = false
dependencies = [
    { name = "R6", requirement = "(>= 2.4.0)" },
]

[[packages]]
name = "libcoin"
version = "1.0-10"
source = { repository = "https://cloud.r-project.org/" }
force_source = false
dependencies = [
    "mvtnorm",
]

[[packages]]
name = "lifecycle"
version = "1.0.4"
source = { repository = "https://cloud.r-project.org/" }
force_source = false
dependencies = [
    { name = "cli", requirement = "(>= 3.4.0)" },
    "glue",
    { name = "rlang", requirement = "(>= 1.1.0)" },
]

[[packages]]
name = "listenv"
version = "0.10.0"
source = { repository = "https://cloud.r-project.org/" }
force_source = false
dependencies = []

[[packages]]
name = "magrittr"
version = "2.0.4"
source = { repository = "https://cloud.r-project.org/" }
force_source = false
dependencies = []

[[packages]]
name = "memoise"
version = "2.0.1"
source = { repository = "https://cloud.r-project.org/" }
force_source = false
dependencies = [
    { name = "rlang", requirement = "(>= 0.4.10)" },
    "cachem",
]

[[packages]]
name = "mime"
version = "0.13"
source = { repository = "https://cloud.r-project.org/" }
force_source = false
dependencies = []

[[packages]]
name = "mirai"
version = "2.5.2"
source = { repository = "https://cloud.r-project.org/" }
force_source = false
dependencies = [
    { name = "nanonext", requirement = "(>= 1.7.2)" },
]

[[packages]]
name = "mlbench"
version = "2.1-6"
source = { repository = "https://cloud.r-project.org/" }
force_source = false
dependencies = []

[[packages]]
name = "mlr3"
version = "1.2.0"
source = { repository = "https://cloud.r-project.org/" }
force_source = false
dependencies = [
    { name = "R6", requirement = "(>= 2.4.1)" },
    { name = "backports", requirement = "(>= 1.5.0)" },
    { name = "checkmate", requirement = "(>= 2.0.0)" },
    "cli",
    { name = "data.table", requirement = "(>= 1.15.0)" },
    { name = "evaluate", requirement = "(>= 1.0.4)" },
    "future",
    { name = "future.apply", requirement = "(>= 1.5.0)" },
    { name = "lgr", requirement = "(>= 0.3.4)" },
    { name = "mirai", requirement = "(>= 2.4.1)" },
    "mlbench",
    { name = "mlr3measures", requirement = "(>= 1.0.0)" },
    { name = "mlr3misc", requirement = "(>= 0.19.0)" },
    "parallelly",
    "palmerpenguins",
    { name = "paradox", requirement = "(>= 1.0.1)" },
    "uuid",
]

[[packages]]
name = "mlr3data"
version = "0.9.0"
source = { repository = "https://cloud.r-project.org/" }
force_source = false
dependencies = []

[[packages]]
name = "mlr3fselect"
version = "1.4.0"
source = { repository = "https://cloud.r-project.org/" }
force_source = false
dependencies = [
    { name = "mlr3", requirement = "(>= 1.0.1)" },
    { name = "bbotk", requirement = "(>= 1.6.0)" },
    { name = "checkmate", requirement = "(>= 2.0.0)" },
    "cli",
    "data.table",
    "lgr",
    { name = "mlr3misc", requirement = "(>= 0.15.1)" },
    { name = "paradox", requirement = "(>= 1.0.0)" },
    "R6",
    "stabm",
]

[[packages]]
name = "mlr3learners"
version = "0.13.0"
source = { repository = "https://cloud.r-project.org/" }
force_source = false
dependencies = [
    { name = "mlr3", requirement = "(>= 1.2.0)" },
    "checkmate",
    "data.table",
    { name = "mlr3misc", requirement = "(>= 0.9.4)" },
    { name = "paradox", requirement = "(>= 1.0.0)" },
    "R6",
]

[[packages]]
name = "mlr3measures"
version = "1.1.0"
source = { repository = "https://cloud.r-project.org/" }
force_source = false
dependencies = [
    "checkmate",
    "mlr3misc",
    "PRROC",
]

[[packages]]
name = "mlr3misc"
version = "0.19.0"
source = { repository = "https://cloud.r-project.org/" }
force_source = false
dependencies = [
    { name = "backports", requirement = "(>= 0.1.5)" },
    "checkmate",
    "cli",
    "data.table",
    "digest",
    "R6",
]

[[packages]]
name = "mlr3pipelines"
version = "0.10.0"
source = { repository = "https://cloud.r-project.org/" }
force_source = false
dependencies = [
    "backports",
    "checkmate",
    "cli",
    "data.table",
    "digest",
    "lgr",
    { name = "mlr3", requirement = "(>= 0.20.0)" },
    { name = "mlr3misc", requirement = "(>= 0.17.0)" },
    { name = "paradox", requirement = "(>= 1.0.0)" },
    "R6",
]

[[packages]]
name = "mlr3torch"
version = "0.3.2"
source = { repository = "https://cloud.r-project.org/" }
force_source = false
dependencies = [
    { name = "mlr3", requirement = "(>= 1.0.1)" },
    { name = "mlr3pipelines", requirement = "(>= 0.6.0)" },
    { name = "torch", requirement = "(>= 0.16.2)" },
    "backports",
    "cli",
    { name = "checkmate", requirement = "(>= 2.2.0)" },
    "data.table",
    "lgr",
    { name = "mlr3misc", requirement = "(>= 0.14.0)" },
    { name = "paradox", requirement = "(>= 1.0.0)" },
    "R6",
    "withr",
]

[[packages]]
name = "mvtnorm"
version = "1.3-3"
source = { repository = "https://cloud.r-project.org/" }
force_source = false
dependencies = []

[[packages]]
name = "nanonext"
version = "1.7.2"
source = { repository = "https://cloud.r-project.org/" }
force_source = false
dependencies = []

[[packages]]
name = "nnet"
version = "7.3-20"
source = { builtin = true }
force_source = false
dependencies = []

[[packages]]
name = "otel"
version = "0.2.0"
source = { repository = "https://cloud.r-project.org/" }
force_source = false
dependencies = []

[[packages]]
name = "palmerpenguins"
version = "0.1.1"
source = { repository = "https://cloud.r-project.org/" }
force_source = false
dependencies = []

[[packages]]
name = "paradox"
version = "1.0.1"
source = { repository = "https://cloud.r-project.org/" }
force_source = false
dependencies = [
    "backports",
    "checkmate",
    "data.table",
    { name = "mlr3misc", requirement = "(>= 0.9.4)" },
    "R6",
]

[[packages]]
name = "parallelly"
version = "1.45.1"
source = { repository = "https://cloud.r-project.org/" }
force_source = false
dependencies = []

[[packages]]
name = "partykit"
version = "1.2-24"
source = { repository = "https://cloud.r-project.org/" }
force_source = false
dependencies = [
    { name = "libcoin", requirement = "(>= 1.0-0)" },
    "mvtnorm",
    "survival",
    { name = "Formula", requirement = "(>= 1.2-1)" },
    { name = "inum", requirement = "(>= 1.0-0)" },
    { name = "rpart", requirement = "(>= 4.1-11)" },
]

[[packages]]
name = "pillar"
version = "1.11.1"
source = { repository = "https://cloud.r-project.org/" }
force_source = false
dependencies = [
    { name = "cli", requirement = "(>= 2.3.0)" },
    "glue",
    "lifecycle",
    { name = "rlang", requirement = "(>= 1.0.2)" },
    { name = "utf8", requirement = "(>= 1.1.0)" },
    { name = "vctrs", requirement = "(>= 0.5.0)" },
]

[[packages]]
name = "pkgconfig"
version = "2.0.3"
source = { repository = "https://cloud.r-project.org/" }
force_source = false
dependencies = []

[[packages]]
name = "png"
version = "0.1-8"
source = { repository = "https://cloud.r-project.org/" }
force_source = false
dependencies = []

[[packages]]
name = "prettyunits"
version = "1.2.0"
source = { repository = "https://cloud.r-project.org/" }
force_source = false
dependencies = []

[[packages]]
name = "processx"
version = "3.8.6"
source = { repository = "https://cloud.r-project.org/" }
force_source = false
dependencies = [
    { name = "ps", requirement = "(>= 1.2.0)" },
    "R6",
]

[[packages]]
name = "progress"
version = "1.2.3"
source = { repository = "https://cloud.r-project.org/" }
force_source = false
dependencies = [
    "crayon",
    "hms",
    "prettyunits",
    "R6",
]

[[packages]]
name = "promises"
version = "1.5.0"
source = { repository = "https://cloud.r-project.org/" }
force_source = false
dependencies = [
    { name = "fastmap", requirement = "(>= 1.1.0)" },
    "later",
    "lifecycle",
    { name = "magrittr", requirement = "(>= 1.5)" },
    { name = "otel", requirement = "(>= 0.2.0)" },
    "R6",
    "rlang",
]

[[packages]]
name = "ps"
version = "1.9.1"
source = { repository = "https://cloud.r-project.org/" }
force_source = false
dependencies = []

[[packages]]
name = "purrr"
version = "1.2.0"
source = { repository = "https://cloud.r-project.org/" }
force_source = false
dependencies = [
    { name = "cli", requirement = "(>= 3.6.1)" },
    { name = "lifecycle", requirement = "(>= 1.0.3)" },
    { name = "magrittr", requirement = "(>= 1.5.0)" },
    { name = "rlang", requirement = "(>= 1.1.1)" },
    { name = "vctrs", requirement = "(>= 0.6.3)" },
]

[[packages]]
name = "ranger"
version = "0.17.0"
source = { repository = "https://cloud.r-project.org/" }
force_source = false
dependencies = [
    { name = "Rcpp", requirement = "(>= 0.11.2)" },
    "Matrix",
    "RcppEigen",
]

[[packages]]
name = "rappdirs"
version = "0.3.3"
source = { repository = "https://cloud.r-project.org/" }
force_source = false
dependencies = []

[[packages]]
name = "reactR"
version = "0.6.1"
source = { repository = "https://cloud.r-project.org/" }
force_source = false
dependencies = [
    "htmltools",
]

[[packages]]
name = "reactable"
version = "0.4.4"
source = { repository = "https://cloud.r-project.org/" }
force_source = false
dependencies = [
    "digest",
    { name = "htmltools", requirement = "(>= 0.5.2)" },
    { name = "htmlwidgets", requirement = "(>= 1.5.3)" },
    "jsonlite",
    "reactR",
]

[[packages]]
name = "reticulate"
version = "1.44.0"
source = { repository = "https://cloud.r-project.org/" }
force_source = false
dependencies = [
    "Matrix",
    { name = "Rcpp", requirement = "(>= 1.0.7)" },
    "RcppTOML",
    "here",
    "jsonlite",
    "png",
    "rappdirs",
    "rlang",
    "withr",
]

[[packages]]
name = "rlang"
version = "1.1.6"
source = { repository = "https://cloud.r-project.org/" }
force_source = false
dependencies = []

[[packages]]
name = "rmarkdown"
version = "2.30"
source = { repository = "https://cloud.r-project.org/" }
force_source = false
dependencies = [
    { name = "bslib", requirement = "(>= 0.2.5.1)" },
    { name = "evaluate", requirement = "(>= 0.13)" },
    { name = "fontawesome", requirement = "(>= 0.5.0)" },
    { name = "htmltools", requirement = "(>= 0.5.1)" },
    "jquerylib",
    "jsonlite",
    { name = "knitr", requirement = "(>= 1.43)" },
    { name = "tinytex", requirement = "(>= 0.31)" },
    { name = "xfun", requirement = "(>= 0.36)" },
    { name = "yaml", requirement = "(>= 2.1.19)" },
]

[[packages]]
name = "rpart"
version = "4.1.24"
source = { builtin = true }
force_source = false
dependencies = []

[[packages]]
name = "rprojroot"
version = "2.1.1"
source = { repository = "https://cloud.r-project.org/" }
force_source = false
dependencies = []

[[packages]]
name = "rstudioapi"
version = "0.17.1"
source = { repository = "https://cloud.r-project.org/" }
force_source = false
dependencies = []

[[packages]]
name = "safetensors"
version = "0.2.0"
source = { repository = "https://cloud.r-project.org/" }
force_source = false
dependencies = [
    "cli",
    "jsonlite",
    "R6",
    "rlang",
]

[[packages]]
name = "sass"
version = "0.4.10"
source = { repository = "https://cloud.r-project.org/" }
force_source = false
dependencies = [
    { name = "fs", requirement = "(>= 1.2.4)" },
    { name = "rlang", requirement = "(>= 0.4.10)" },
    { name = "htmltools", requirement = "(>= 0.5.1)" },
    "R6",
    "rappdirs",
]

[[packages]]
name = "scales"
version = "1.4.0"
source = { repository = "https://cloud.r-project.org/" }
force_source = false
dependencies = [
    "cli",
    { name = "farver", requirement = "(>= 2.0.3)" },
    "glue",
    "labeling",
    "lifecycle",
    "R6",
    "RColorBrewer",
    { name = "rlang", requirement = "(>= 1.1.0)" },
    "viridisLite",
]

[[packages]]
name = "shiny"
version = "1.12.1"
source = { repository = "https://cloud.r-project.org/" }
force_source = false
dependencies = [
    { name = "bslib", requirement = "(>= 0.6.0)" },
    { name = "cachem", requirement = "(>= 1.1.0)" },
    "cli",
    { name = "commonmark", requirement = "(>= 2.0.0)" },
    { name = "fastmap", requirement = "(>= 1.1.1)" },
    { name = "fontawesome", requirement = "(>= 0.4.0)" },
    { name = "glue", requirement = "(>= 1.3.2)" },
    { name = "htmltools", requirement = "(>= 0.5.4)" },
    { name = "httpuv", requirement = "(>= 1.5.2)" },
    { name = "jsonlite", requirement = "(>= 0.9.16)" },
    { name = "later", requirement = "(>= 1.0.0)" },
    { name = "lifecycle", requirement = "(>= 0.2.0)" },
    { name = "mime", requirement = "(>= 0.3)" },
    "otel",
    { name = "promises", requirement = "(>= 1.5.0)" },
    { name = "R6", requirement = "(>= 2.0)" },
    { name = "rlang", requirement = "(>= 0.4.10)" },
    "sourcetools",
    "withr",
    "xtable",
]

[[packages]]
name = "sourcetools"
version = "0.1.7-1"
source = { repository = "https://cloud.r-project.org/" }
force_source = false
dependencies = []

[[packages]]
name = "sparsevctrs"
version = "0.3.4"
source = { repository = "https://cloud.r-project.org/" }
force_source = false
dependencies = [
    { name = "cli", requirement = "(>= 3.4.0)" },
    { name = "rlang", requirement = "(>= 1.1.0)" },
    "vctrs",
]

[[packages]]
name = "stabm"
version = "1.2.2"
source = { repository = "https://cloud.r-project.org/" }
force_source = false
dependencies = [
    { name = "checkmate", requirement = "(>= 1.8.5)" },
    { name = "Matrix", requirement = "(>= 1.5-0)" },
]

[[packages]]
name = "stringi"
version = "1.8.7"
source = { repository = "https://cloud.r-project.org/" }
force_source = false
dependencies = []

[[packages]]
name = "stringr"
version = "1.6.0"
source = { repository = "https://cloud.r-project.org/" }
force_source = false
dependencies = [
    "cli",
    { name = "glue", requirement = "(>= 1.6.1)" },
    { name = "lifecycle", requirement = "(>= 1.0.3)" },
    "magrittr",
    { name = "rlang", requirement = "(>= 1.0.0)" },
    { name = "stringi", requirement = "(>= 1.5.3)" },
    { name = "vctrs", requirement = "(>= 0.4.0)" },
]

[[packages]]
name = "survival"
version = "3.8-3"
source = { builtin = true }
force_source = false
dependencies = [
    "Matrix",
]

[[packages]]
name = "svglite"
version = "2.2.2"
source = { repository = "https://cloud.r-project.org/" }
force_source = false
dependencies = [
    "base64enc",
    "cli",
    "lifecycle",
    { name = "rlang", requirement = "(>= 1.1.0)" },
    { name = "systemfonts", requirement = "(>= 1.3.0)" },
    { name = "textshaping", requirement = "(>= 0.3.0)" },
    "cpp11",
]

[[packages]]
name = "systemfonts"
version = "1.3.1"
source = { repository = "https://cloud.r-project.org/" }
force_source = false
dependencies = [
    "base64enc",
    "jsonlite",
    "lifecycle",
    { name = "cpp11", requirement = "(>= 0.2.1)" },
]

[[packages]]
name = "textshaping"
version = "1.0.4"
source = { repository = "https://cloud.r-project.org/" }
force_source = false
dependencies = [
    "lifecycle",
    "stringi",
    { name = "systemfonts", requirement = "(>= 1.3.0)" },
    { name = "cpp11", requirement = "(>= 0.2.1)" },
]

[[packages]]
name = "tibble"
version = "3.3.0"
source = { repository = "https://cloud.r-project.org/" }
force_source = false
dependencies = [
    "cli",
    { name = "lifecycle", requirement = "(>= 1.0.0)" },
    "magrittr",
    { name = "pillar", requirement = "(>= 1.8.1)" },
    "pkgconfig",
    { name = "rlang", requirement = "(>= 1.0.2)" },
    { name = "vctrs", requirement = "(>= 0.5.0)" },
]

[[packages]]
name = "tidyr"
version = "1.3.1"
source = { repository = "https://cloud.r-project.org/" }
force_source = false
dependencies = [
    { name = "cli", requirement = "(>= 3.4.1)" },
    { name = "dplyr", requirement = "(>= 1.0.10)" },
    "glue",
    { name = "lifecycle", requirement = "(>= 1.0.3)" },
    "magrittr",
    { name = "purrr", requirement = "(>= 1.0.1)" },
    { name = "rlang", requirement = "(>= 1.1.1)" },
    { name = "stringr", requirement = "(>= 1.5.0)" },
    { name = "tibble", requirement = "(>= 2.1.1)" },
    { name = "tidyselect", requirement = "(>= 1.2.0)" },
    { name = "vctrs", requirement = "(>= 0.5.2)" },
    { name = "cpp11", requirement = "(>= 0.4.0)" },
]

[[packages]]
name = "tidyselect"
version = "1.2.1"
source = { repository = "https://cloud.r-project.org/" }
force_source = false
dependencies = [
    { name = "cli", requirement = "(>= 3.3.0)" },
    { name = "glue", requirement = "(>= 1.3.0)" },
    { name = "lifecycle", requirement = "(>= 1.0.3)" },
    { name = "rlang", requirement = "(>= 1.0.4)" },
    { name = "vctrs", requirement = "(>= 0.5.2)" },
    "withr",
]

[[packages]]
name = "tinytex"
version = "0.57"
source = { repository = "https://cloud.r-project.org/" }
force_source = false
dependencies = [
    { name = "xfun", requirement = "(>= 0.48)" },
]

[[packages]]
name = "torch"
version = "0.16.3"
source = { repository = "https://cloud.r-project.org/" }
force_source = false
dependencies = [
    "Rcpp",
    "R6",
    "withr",
    { name = "rlang", requirement = "(>= 1.0.0)" },
    "bit64",
    "magrittr",
    { name = "coro", requirement = "(>= 1.0.2)" },
    "callr",
    { name = "cli", requirement = "(>= 3.0.0)" },
    "glue",
    "desc",
    { name = "safetensors", requirement = "(>= 0.1.1)" },
    "jsonlite",
    "scales",
]

[[packages]]
name = "truncnorm"
version = "1.0-9"
source = { repository = "https://cloud.r-project.org/" }
force_source = false
dependencies = []

[[packages]]
name = "utf8"
version = "1.2.6"
source = { repository = "https://cloud.r-project.org/" }
force_source = false
dependencies = []

[[packages]]
name = "uuid"
version = "1.2-1"
source = { repository = "https://cloud.r-project.org/" }
force_source = false
dependencies = []

[[packages]]
name = "vctrs"
version = "0.6.5"
source = { repository = "https://cloud.r-project.org/" }
force_source = false
dependencies = [
    { name = "cli", requirement = "(>= 3.4.0)" },
    "glue",
    { name = "lifecycle", requirement = "(>= 1.0.3)" },
    { name = "rlang", requirement = "(>= 1.1.0)" },
]

[[packages]]
name = "vip"
version = "0.4.1"
source = { repository = "https://cloud.r-project.org/" }
force_source = false
dependencies = [
    "foreach",
    { name = "ggplot2", requirement = "(>= 0.9.0)" },
    "tibble",
    "yardstick",
]

[[packages]]
name = "viridisLite"
version = "0.4.2"
source = { repository = "https://cloud.r-project.org/" }
force_source = false
dependencies = []

[[packages]]
name = "withr"
version = "3.0.2"
source = { repository = "https://cloud.r-project.org/" }
force_source = false
dependencies = []

[[packages]]
name = "xfun"
version = "0.54"
source = { repository = "https://cloud.r-project.org/" }
force_source = false
dependencies = []

[[packages]]
name = "xgboost"
version = "1.7.11.1"
source = { repository = "https://cloud.r-project.org/" }
force_source = false
dependencies = [
    { name = "Matrix", requirement = "(>= 1.1-0)" },
    { name = "data.table", requirement = "(>= 1.9.6)" },
    { name = "jsonlite", requirement = "(>= 1.0)" },
]

[[packages]]
name = "xml2"
version = "1.4.1"
source = { repository = "https://cloud.r-project.org/" }
force_source = false
dependencies = [
    "cli",
    { name = "rlang", requirement = "(>= 1.1.0)" },
]

[[packages]]
name = "xplainfi"
version = "1.0.0"
source = { git = "https://github.com/mlr-org/xplainfi", sha = "46554dcb78afccbdb92216565e114b94627f38a5", tag = "v1.0.0" }
force_source = true
dependencies = [
    "checkmate",
    "cli",
    { name = "data.table", requirement = "(>= 1.15.0)" },
    "mirai",
    { name = "mlr3", requirement = "(>= 1.1.0)" },
    "mvtnorm",
    { name = "paradox", requirement = "(>= 1.0.0)" },
    "R6",
]

[[packages]]
name = "xtable"
version = "1.8-4"
source = { repository = "https://cloud.r-project.org/" }
force_source = false
dependencies = []

[[packages]]
name = "yaml"
version = "2.3.10"
source = { repository = "https://cloud.r-project.org/" }
force_source = false
dependencies = []

[[packages]]
name = "yardstick"
version = "1.3.2"
source = { repository = "https://cloud.r-project.org/" }
force_source = false
dependencies = [
    "cli",
    { name = "dplyr", requirement = "(>= 1.1.0)" },
    { name = "generics", requirement = "(>= 0.1.2)" },
    { name = "hardhat", requirement = "(>= 1.3.0)" },
    { name = "lifecycle", requirement = "(>= 1.0.3)" },
    { name = "rlang", requirement = "(>= 1.1.4)" },
    "tibble",
    { name = "tidyselect", requirement = "(>= 1.2.0)" },
    { name = "vctrs", requirement = "(>= 0.5.0)" },
    "withr",
]
